
Microsoft Visual Studio Solution File, Format Version 12.00
# Visual Studio Version 16
VisualStudioVersion = 16.0.30621.155
MinimumVisualStudioVersion = 10.0.40219.1
Project("{FAE04EC0-301F-11D3-BF4B-00C04F79EFBC}") = "iNote", "iNote\iNote.csproj", "{DE596E20-A002-4DCD-B64F-DFCA137E2E3B}"
EndProject
Global
	GlobalSection(SolutionConfigurationPlatforms) = preSolution
		Debug|Any CPU = Debug|Any CPU
		Release|Any CPU = Release|Any CPU
	EndGlobalSection
	GlobalSection(ProjectConfigurationPlatforms) = postSolution
		{DE596E20-A002-4DCD-B64F-DFCA137E2E3B}.Debug|Any CPU.ActiveCfg = Debug|Any CPU
		{DE596E20-A002-4DCD-B64F-DFCA137E2E3B}.Debug|Any CPU.Build.0 = Debug|Any CPU
		{DE596E20-A002-4DCD-B64F-DFCA137E2E3B}.Release|Any CPU.ActiveCfg = Release|Any CPU
		{DE596E20-A002-4DCD-B64F-DFCA137E2E3B}.Release|Any CPU.Build.0 = Release|Any CPU
	EndGlobalSection
	GlobalSection(SolutionProperties) = preSolution
		HideSolutionNode = FALSE
	EndGlobalSection
	GlobalSection(ExtensibilityGlobals) = postSolution
		SolutionGuid = {C46AFEFA-6ED7-44A8-B9D6-B15D90773A13}
	EndGlobalSection
EndGlobal
